
Microsoft Visual Studio Solution File, Format Version 12.00
# Visual Studio 15
VisualStudioVersion = 15.0.34112.143
MinimumVisualStudioVersion = 10.0.40219.1
Project("{8BC9CEB8-8B4A-11D0-8D11-00A0C91BC942}") = "ex2.24", "ex2.24\ex2.24.vcxproj", "{8D61E2DB-7D4B-41A7-8E69-B1E2324E5045}"
EndProject
Global
	GlobalSection(SolutionConfigurationPlatforms) = preSolution
		Debug|x64 = Debug|x64
		Debug|x86 = Debug|x86
		Release|x64 = Release|x64
		Release|x86 = Release|x86
	EndGlobalSection
	GlobalSection(ProjectConfigurationPlatforms) = postSolution
		{8D61E2DB-7D4B-41A7-8E69-B1E2324E5045}.Debug|x64.ActiveCfg = Debug|x64
		{8D61E2DB-7D4B-41A7-8E69-B1E2324E5045}.Debug|x64.Build.0 = Debug|x64
		{8D61E2DB-7D4B-41A7-8E69-B1E2324E5045}.Debug|x86.ActiveCfg = Debug|Win32
		{8D61E2DB-7D4B-41A7-8E69-B1E2324E5045}.Debug|x86.Build.0 = Debug|Win32
		{8D61E2DB-7D4B-41A7-8E69-B1E2324E5045}.Release|x64.ActiveCfg = Release|x64
		{8D61E2DB-7D4B-41A7-8E69-B1E2324E5045}.Release|x64.Build.0 = Release|x64
		{8D61E2DB-7D4B-41A7-8E69-B1E2324E5045}.Release|x86.ActiveCfg = Release|Win32
		{8D61E2DB-7D4B-41A7-8E69-B1E2324E5045}.Release|x86.Build.0 = Release|Win32
	EndGlobalSection
	GlobalSection(SolutionProperties) = preSolution
		HideSolutionNode = FALSE
	EndGlobalSection
	GlobalSection(ExtensibilityGlobals) = postSolution
		SolutionGuid = {7FDBF7A2-20A6-4375-BA52-A517D3DC908B}
	EndGlobalSection
EndGlobal
