
Microsoft Visual Studio Solution File, Format Version 12.00
# Visual Studio 15
VisualStudioVersion = 15.0.34112.143
MinimumVisualStudioVersion = 10.0.40219.1
Project("{8BC9CEB8-8B4A-11D0-8D11-00A0C91BC942}") = "hw7-p16", "hw7-p16\hw7-p16.vcxproj", "{A882194B-3CD1-4F61-802C-8E1559DD9740}"
EndProject
Global
	GlobalSection(SolutionConfigurationPlatforms) = preSolution
		Debug|x64 = Debug|x64
		Debug|x86 = Debug|x86
		Release|x64 = Release|x64
		Release|x86 = Release|x86
	EndGlobalSection
	GlobalSection(ProjectConfigurationPlatforms) = postSolution
		{A882194B-3CD1-4F61-802C-8E1559DD9740}.Debug|x64.ActiveCfg = Debug|x64
		{A882194B-3CD1-4F61-802C-8E1559DD9740}.Debug|x64.Build.0 = Debug|x64
		{A882194B-3CD1-4F61-802C-8E1559DD9740}.Debug|x86.ActiveCfg = Debug|Win32
		{A882194B-3CD1-4F61-802C-8E1559DD9740}.Debug|x86.Build.0 = Debug|Win32
		{A882194B-3CD1-4F61-802C-8E1559DD9740}.Release|x64.ActiveCfg = Release|x64
		{A882194B-3CD1-4F61-802C-8E1559DD9740}.Release|x64.Build.0 = Release|x64
		{A882194B-3CD1-4F61-802C-8E1559DD9740}.Release|x86.ActiveCfg = Release|Win32
		{A882194B-3CD1-4F61-802C-8E1559DD9740}.Release|x86.Build.0 = Release|Win32
	EndGlobalSection
	GlobalSection(SolutionProperties) = preSolution
		HideSolutionNode = FALSE
	EndGlobalSection
	GlobalSection(ExtensibilityGlobals) = postSolution
		SolutionGuid = {8DC0129D-D4BB-4EB6-BCF3-9A119836DDC8}
	EndGlobalSection
EndGlobal
