
Microsoft Visual Studio Solution File, Format Version 12.00
# Visual Studio 15
VisualStudioVersion = 15.0.34112.143
MinimumVisualStudioVersion = 10.0.40219.1
Project("{8BC9CEB8-8B4A-11D0-8D11-00A0C91BC942}") = "hw4-p30", "hw4-p30\hw4-p30.vcxproj", "{EA9E9ECF-7552-45C6-9969-5002E6B339DA}"
EndProject
Global
	GlobalSection(SolutionConfigurationPlatforms) = preSolution
		Debug|x64 = Debug|x64
		Debug|x86 = Debug|x86
		Release|x64 = Release|x64
		Release|x86 = Release|x86
	EndGlobalSection
	GlobalSection(ProjectConfigurationPlatforms) = postSolution
		{EA9E9ECF-7552-45C6-9969-5002E6B339DA}.Debug|x64.ActiveCfg = Debug|x64
		{EA9E9ECF-7552-45C6-9969-5002E6B339DA}.Debug|x64.Build.0 = Debug|x64
		{EA9E9ECF-7552-45C6-9969-5002E6B339DA}.Debug|x86.ActiveCfg = Debug|Win32
		{EA9E9ECF-7552-45C6-9969-5002E6B339DA}.Debug|x86.Build.0 = Debug|Win32
		{EA9E9ECF-7552-45C6-9969-5002E6B339DA}.Release|x64.ActiveCfg = Release|x64
		{EA9E9ECF-7552-45C6-9969-5002E6B339DA}.Release|x64.Build.0 = Release|x64
		{EA9E9ECF-7552-45C6-9969-5002E6B339DA}.Release|x86.ActiveCfg = Release|Win32
		{EA9E9ECF-7552-45C6-9969-5002E6B339DA}.Release|x86.Build.0 = Release|Win32
	EndGlobalSection
	GlobalSection(SolutionProperties) = preSolution
		HideSolutionNode = FALSE
	EndGlobalSection
	GlobalSection(ExtensibilityGlobals) = postSolution
		SolutionGuid = {97C131D1-B5A9-4A57-98FA-FBCA4EA8F6DB}
	EndGlobalSection
EndGlobal
