
Microsoft Visual Studio Solution File, Format Version 12.00
# Visual Studio 15
VisualStudioVersion = 15.0.34112.143
MinimumVisualStudioVersion = 10.0.40219.1
Project("{8BC9CEB8-8B4A-11D0-8D11-00A0C91BC942}") = "ex3.17", "ex3.17\ex3.17.vcxproj", "{B3CF64D3-A736-4888-9E9B-08A5F98BD940}"
EndProject
Global
	GlobalSection(SolutionConfigurationPlatforms) = preSolution
		Debug|x64 = Debug|x64
		Debug|x86 = Debug|x86
		Release|x64 = Release|x64
		Release|x86 = Release|x86
	EndGlobalSection
	GlobalSection(ProjectConfigurationPlatforms) = postSolution
		{B3CF64D3-A736-4888-9E9B-08A5F98BD940}.Debug|x64.ActiveCfg = Debug|x64
		{B3CF64D3-A736-4888-9E9B-08A5F98BD940}.Debug|x64.Build.0 = Debug|x64
		{B3CF64D3-A736-4888-9E9B-08A5F98BD940}.Debug|x86.ActiveCfg = Debug|Win32
		{B3CF64D3-A736-4888-9E9B-08A5F98BD940}.Debug|x86.Build.0 = Debug|Win32
		{B3CF64D3-A736-4888-9E9B-08A5F98BD940}.Release|x64.ActiveCfg = Release|x64
		{B3CF64D3-A736-4888-9E9B-08A5F98BD940}.Release|x64.Build.0 = Release|x64
		{B3CF64D3-A736-4888-9E9B-08A5F98BD940}.Release|x86.ActiveCfg = Release|Win32
		{B3CF64D3-A736-4888-9E9B-08A5F98BD940}.Release|x86.Build.0 = Release|Win32
	EndGlobalSection
	GlobalSection(SolutionProperties) = preSolution
		HideSolutionNode = FALSE
	EndGlobalSection
	GlobalSection(ExtensibilityGlobals) = postSolution
		SolutionGuid = {B192138B-1786-47C6-A041-F9C6A8345202}
	EndGlobalSection
EndGlobal
