
Microsoft Visual Studio Solution File, Format Version 12.00
# Visual Studio 15
VisualStudioVersion = 15.0.34112.143
MinimumVisualStudioVersion = 10.0.40219.1
Project("{8BC9CEB8-8B4A-11D0-8D11-00A0C91BC942}") = "hw4-p05", "hw4-p05\hw4-p05.vcxproj", "{DE56A421-0EC8-44B7-9200-2EB22EE01026}"
EndProject
Global
	GlobalSection(SolutionConfigurationPlatforms) = preSolution
		Debug|x64 = Debug|x64
		Debug|x86 = Debug|x86
		Release|x64 = Release|x64
		Release|x86 = Release|x86
	EndGlobalSection
	GlobalSection(ProjectConfigurationPlatforms) = postSolution
		{DE56A421-0EC8-44B7-9200-2EB22EE01026}.Debug|x64.ActiveCfg = Debug|x64
		{DE56A421-0EC8-44B7-9200-2EB22EE01026}.Debug|x64.Build.0 = Debug|x64
		{DE56A421-0EC8-44B7-9200-2EB22EE01026}.Debug|x86.ActiveCfg = Debug|Win32
		{DE56A421-0EC8-44B7-9200-2EB22EE01026}.Debug|x86.Build.0 = Debug|Win32
		{DE56A421-0EC8-44B7-9200-2EB22EE01026}.Release|x64.ActiveCfg = Release|x64
		{DE56A421-0EC8-44B7-9200-2EB22EE01026}.Release|x64.Build.0 = Release|x64
		{DE56A421-0EC8-44B7-9200-2EB22EE01026}.Release|x86.ActiveCfg = Release|Win32
		{DE56A421-0EC8-44B7-9200-2EB22EE01026}.Release|x86.Build.0 = Release|Win32
	EndGlobalSection
	GlobalSection(SolutionProperties) = preSolution
		HideSolutionNode = FALSE
	EndGlobalSection
	GlobalSection(ExtensibilityGlobals) = postSolution
		SolutionGuid = {DC9D4643-6214-42F4-95C5-E06E99D5ABE4}
	EndGlobalSection
EndGlobal
