
Microsoft Visual Studio Solution File, Format Version 12.00
# Visual Studio 15
VisualStudioVersion = 15.0.34112.143
MinimumVisualStudioVersion = 10.0.40219.1
Project("{8BC9CEB8-8B4A-11D0-8D11-00A0C91BC942}") = "hw3-p18", "hw3-p18\hw3-p18.vcxproj", "{AF2A00D2-6262-42E0-B043-261DDDE79519}"
EndProject
Global
	GlobalSection(SolutionConfigurationPlatforms) = preSolution
		Debug|x64 = Debug|x64
		Debug|x86 = Debug|x86
		Release|x64 = Release|x64
		Release|x86 = Release|x86
	EndGlobalSection
	GlobalSection(ProjectConfigurationPlatforms) = postSolution
		{AF2A00D2-6262-42E0-B043-261DDDE79519}.Debug|x64.ActiveCfg = Debug|x64
		{AF2A00D2-6262-42E0-B043-261DDDE79519}.Debug|x64.Build.0 = Debug|x64
		{AF2A00D2-6262-42E0-B043-261DDDE79519}.Debug|x86.ActiveCfg = Debug|Win32
		{AF2A00D2-6262-42E0-B043-261DDDE79519}.Debug|x86.Build.0 = Debug|Win32
		{AF2A00D2-6262-42E0-B043-261DDDE79519}.Release|x64.ActiveCfg = Release|x64
		{AF2A00D2-6262-42E0-B043-261DDDE79519}.Release|x64.Build.0 = Release|x64
		{AF2A00D2-6262-42E0-B043-261DDDE79519}.Release|x86.ActiveCfg = Release|Win32
		{AF2A00D2-6262-42E0-B043-261DDDE79519}.Release|x86.Build.0 = Release|Win32
	EndGlobalSection
	GlobalSection(SolutionProperties) = preSolution
		HideSolutionNode = FALSE
	EndGlobalSection
	GlobalSection(ExtensibilityGlobals) = postSolution
		SolutionGuid = {45E18A01-C0FF-46A9-AA13-E7854F523425}
	EndGlobalSection
EndGlobal
